PODS:
  - ABPadLockScreen (3.4.2)
  - JKBigInteger (0.0.1)
  - LGSideMenuController (2.1.1)
  - MTBBarcodeScanner (5.0.11)

DEPENDENCIES:
  - ABPadLockScreen (= 3.4.2)
  - JKBigInteger (~> 0.0.1)
  - LGSideMenuController (= 2.1.1)
  - MTBBarcodeScanner (= 5.0.11)

SPEC REPOS:
  trunk:
    - ABPadLockScreen
    - JKBigInteger
    - LGSideMenuController
    - MTBBarcodeScanner

SPEC CHECKSUMS:
  ABPadLockScreen: 6edd4e5fd580a9f60f55b3ec59011ebec2801a8e
  JKBigInteger: 7f3894ca331bf271a8e2ee0d5329707ca6eda6e0
  LGSideMenuController: ae40c80983ab8b8801c7cef0a6804d43aaa72d45
  MTBBarcodeScanner: f453b33c4b7dfe545d8c6484ed744d55671788cb

PODFILE CHECKSUM: 27ab6ea14ae0209ab766f0913650accafac6820e

COCOAPODS: 1.9.1
