{
  "object": {
    "pins": [
      {
        "package": "ActiveLabel",
        "repositoryURL": "https://github.com/optonaut/ActiveLabel.swift.git",
        "state": {
          "branch": null,
          "revision": "dacc4cfbcdf511424985ce8a1a9260345bd8f2d5",
          "version": "1.1.0"
        }
      },
      {
        "package": "BiometricAuthentication",
        "repositoryURL": "https://github.com/rushisangani/BiometricAuthentication.git",
        "state": {
          "branch": null,
          "revision": "085569f12692a964ef580d4ec6e04956e879929a",
          "version": "3.1.2"
        }
      },
      {
        "package": "CryptoSwift",
        "repositoryURL": "https://github.com/krzyzanowskim/CryptoSwift.git",
        "state": {
          "branch": null,
          "revision": "a44caef0550c346e0ab9172f7c9a3852c1833599",
          "version": "1.3.0"
        }
      },
      {
        "package": "Ed25519",
        "repositoryURL": "https://github.com/arensic/Ed25519",
        "state": {
          "branch": "master",
          "revision": "6940e470301c7e9a32201beff609c5906626cc08",
          "version": null
        }
      },
      {
        "package": "GRPC",
        "repositoryURL": "https://github.com/grpc/grpc-swift.git",
        "state": {
          "branch": "nio",
          "revision": "38484c0b0eb5726dc61d570c0c378a2cc2af56c8",
          "version": null
        }
      },
      {
        "package": "IQKeyboardManagerSwift",
        "repositoryURL": "https://github.com/hackiftekhar/IQKeyboardManager.git",
        "state": {
          "branch": null,
          "revision": "b0f0a127cca6bb39378447baa2afff74123abd09",
          "version": "6.5.5"
        }
      },
      {
        "package": "MBProgressHUD",
        "repositoryURL": "https://github.com/jdg/MBProgressHUD.git",
        "state": {
          "branch": null,
          "revision": "bca42b801100b2b3a4eda0ba8dd33d858c780b0d",
          "version": "1.2.0"
        }
      },
      {
        "package": "swift-log",
        "repositoryURL": "https://github.com/apple/swift-log",
        "state": {
          "branch": null,
          "revision": "74d7b91ceebc85daf387ebb206003f78813f71aa",
          "version": "1.2.0"
        }
      },
      {
        "package": "swift-nio",
        "repositoryURL": "https://github.com/apple/swift-nio.git",
        "state": {
          "branch": null,
          "revision": "16ab4d657e1ad4e77bd5f8b94af8538561643053",
          "version": "2.14.0"
        }
      },
      {
        "package": "swift-nio-http2",
        "repositoryURL": "https://github.com/apple/swift-nio-http2.git",
        "state": {
          "branch": null,
          "revision": "65ebab9db70623bf1b58305edaa26ee5629856ed",
          "version": "1.9.1"
        }
      },
      {
        "package": "swift-nio-ssl",
        "repositoryURL": "https://github.com/apple/swift-nio-ssl.git",
        "state": {
          "branch": null,
          "revision": "af46d9b58fafbb76f9b01177568d435a1b024f99",
          "version": "2.6.2"
        }
      },
      {
        "package": "swift-nio-transport-services",
        "repositoryURL": "https://github.com/apple/swift-nio-transport-services.git",
        "state": {
          "branch": null,
          "revision": "c7f06384dc5ce7e8506de5ed9b59e35b4d88c64b",
          "version": "1.3.0"
        }
      },
      {
        "package": "SwiftProtobuf",
        "repositoryURL": "https://github.com/apple/swift-protobuf.git",
        "state": {
          "branch": null,
          "revision": "7790acf0a81d08429cb20375bf42a8c7d279c5fe",
          "version": "1.8.0"
        }
      },
      {
        "package": "SwiftyJSON",
        "repositoryURL": "https://github.com/SwiftyJSON/SwiftyJSON.git",
        "state": {
          "branch": null,
          "revision": "2b6054efa051565954e1d2b9da831680026cd768",
          "version": "5.0.0"
        }
      }
    ]
  },
  "version": 1
}
